
Microsoft Visual Studio Solution File, Format Version 12.00
# Visual Studio 15
VisualStudioVersion = 15.0.26430.16
MinimumVisualStudioVersion = 10.0.40219.1
Project("{9A19103F-16F7-4668-BE54-9A1E7A4F7556}") = "Mechanical.Timestep", "Mechanical.Timestep\Mechanical.Timestep.csproj", "{CE50DAAB-ED49-4884-B84C-4886BCF57B7A}"
EndProject
Project("{FAE04EC0-301F-11D3-BF4B-00C04F79EFBC}") = "Mechanical.Timestep.Tests", "Mechanical.Timestep.Tests\Mechanical.Timestep.Tests.csproj", "{66397670-F949-49C6-9123-264389EBB036}"
EndProject
Global
	GlobalSection(SolutionConfigurationPlatforms) = preSolution
		Debug|Any CPU = Debug|Any CPU
		Release|Any CPU = Release|Any CPU
	EndGlobalSection
	GlobalSection(ProjectConfigurationPlatforms) = postSolution
		{CE50DAAB-ED49-4884-B84C-4886BCF57B7A}.Debug|Any CPU.ActiveCfg = Debug|Any CPU
		{CE50DAAB-ED49-4884-B84C-4886BCF57B7A}.Debug|Any CPU.Build.0 = Debug|Any CPU
		{CE50DAAB-ED49-4884-B84C-4886BCF57B7A}.Release|Any CPU.ActiveCfg = Release|Any CPU
		{CE50DAAB-ED49-4884-B84C-4886BCF57B7A}.Release|Any CPU.Build.0 = Release|Any CPU
		{66397670-F949-49C6-9123-264389EBB036}.Debug|Any CPU.ActiveCfg = Debug|Any CPU
		{66397670-F949-49C6-9123-264389EBB036}.Debug|Any CPU.Build.0 = Debug|Any CPU
		{66397670-F949-49C6-9123-264389EBB036}.Release|Any CPU.ActiveCfg = Release|Any CPU
		{66397670-F949-49C6-9123-264389EBB036}.Release|Any CPU.Build.0 = Release|Any CPU
	EndGlobalSection
	GlobalSection(SolutionProperties) = preSolution
		HideSolutionNode = FALSE
	EndGlobalSection
EndGlobal
